
Microsoft Visual Studio Solution File, Format Version 12.00
# Visual Studio Version 16
VisualStudioVersion = 16.0.29326.143
MinimumVisualStudioVersion = 10.0.40219.1
Project("{9A19103F-16F7-4668-BE54-9A1E7A4F7556}") = "RayTracer.Core", "RayTracer.Core\RayTracer.Core.csproj", "{A81636E5-3D76-40B5-9C29-858A626123F1}"
EndProject
Project("{9A19103F-16F7-4668-BE54-9A1E7A4F7556}") = "RayTracer.Tests", "RayTracer.Tests\RayTracer.Tests.csproj", "{8B9B1639-3280-4914-984E-336C7971472A}"
EndProject
Project("{9A19103F-16F7-4668-BE54-9A1E7A4F7556}") = "RayTracer.WpfGui", "RayTracer.WpfGui\RayTracer.WpfGui.csproj", "{2A64590E-F4C9-48D9-8952-C12B6D6A26D1}"
EndProject
Global
	GlobalSection(SolutionConfigurationPlatforms) = preSolution
		Debug|Any CPU = Debug|Any CPU
		Release|Any CPU = Release|Any CPU
	EndGlobalSection
	GlobalSection(ProjectConfigurationPlatforms) = postSolution
		{A81636E5-3D76-40B5-9C29-858A626123F1}.Debug|Any CPU.ActiveCfg = Debug|Any CPU
		{A81636E5-3D76-40B5-9C29-858A626123F1}.Debug|Any CPU.Build.0 = Debug|Any CPU
		{A81636E5-3D76-40B5-9C29-858A626123F1}.Release|Any CPU.ActiveCfg = Release|Any CPU
		{A81636E5-3D76-40B5-9C29-858A626123F1}.Release|Any CPU.Build.0 = Release|Any CPU
		{8B9B1639-3280-4914-984E-336C7971472A}.Debug|Any CPU.ActiveCfg = Debug|Any CPU
		{8B9B1639-3280-4914-984E-336C7971472A}.Debug|Any CPU.Build.0 = Debug|Any CPU
		{8B9B1639-3280-4914-984E-336C7971472A}.Release|Any CPU.ActiveCfg = Release|Any CPU
		{8B9B1639-3280-4914-984E-336C7971472A}.Release|Any CPU.Build.0 = Release|Any CPU
		{2A64590E-F4C9-48D9-8952-C12B6D6A26D1}.Debug|Any CPU.ActiveCfg = Debug|Any CPU
		{2A64590E-F4C9-48D9-8952-C12B6D6A26D1}.Debug|Any CPU.Build.0 = Debug|Any CPU
		{2A64590E-F4C9-48D9-8952-C12B6D6A26D1}.Release|Any CPU.ActiveCfg = Release|Any CPU
		{2A64590E-F4C9-48D9-8952-C12B6D6A26D1}.Release|Any CPU.Build.0 = Release|Any CPU
	EndGlobalSection
	GlobalSection(SolutionProperties) = preSolution
		HideSolutionNode = FALSE
	EndGlobalSection
	GlobalSection(ExtensibilityGlobals) = postSolution
		SolutionGuid = {3FBA93F1-EBA9-4E9E-B89C-4A82003A5C29}
	EndGlobalSection
EndGlobal
